
Microsoft Visual Studio Solution File, Format Version 12.00
# Visual Studio 15
VisualStudioVersion = 15.0.28010.2026
MinimumVisualStudioVersion = 10.0.40219.1
Project("{FAE04EC0-301F-11D3-BF4B-00C04F79EFBC}") = "castle-grimtol", "castle-grimtol\castle-grimtol.csproj", "{2E442FB7-1F18-40F2-8E88-14F7D33D8719}"
	ProjectSection(ProjectDependencies) = postProject
		{1F28B4B9-6E32-4B7C-844A-28D12499F5EA} = {1F28B4B9-6E32-4B7C-844A-28D12499F5EA}
	EndProjectSection
EndProject
Project("{FAE04EC0-301F-11D3-BF4B-00C04F79EFBC}") = "grimtol-lib", "..\grimtol-lib\grimtol-lib\grimtol-lib.csproj", "{1F28B4B9-6E32-4B7C-844A-28D12499F5EA}"
EndProject
Global
	GlobalSection(SolutionConfigurationPlatforms) = preSolution
		Debug|Any CPU = Debug|Any CPU
		Release|Any CPU = Release|Any CPU
	EndGlobalSection
	GlobalSection(ProjectConfigurationPlatforms) = postSolution
		{2E442FB7-1F18-40F2-8E88-14F7D33D8719}.Debug|Any CPU.ActiveCfg = Debug|Any CPU
		{2E442FB7-1F18-40F2-8E88-14F7D33D8719}.Debug|Any CPU.Build.0 = Debug|Any CPU
		{2E442FB7-1F18-40F2-8E88-14F7D33D8719}.Release|Any CPU.ActiveCfg = Release|Any CPU
		{2E442FB7-1F18-40F2-8E88-14F7D33D8719}.Release|Any CPU.Build.0 = Release|Any CPU
		{1F28B4B9-6E32-4B7C-844A-28D12499F5EA}.Debug|Any CPU.ActiveCfg = Debug|Any CPU
		{1F28B4B9-6E32-4B7C-844A-28D12499F5EA}.Debug|Any CPU.Build.0 = Debug|Any CPU
		{1F28B4B9-6E32-4B7C-844A-28D12499F5EA}.Release|Any CPU.ActiveCfg = Release|Any CPU
		{1F28B4B9-6E32-4B7C-844A-28D12499F5EA}.Release|Any CPU.Build.0 = Release|Any CPU
	EndGlobalSection
	GlobalSection(SolutionProperties) = preSolution
		HideSolutionNode = FALSE
	EndGlobalSection
	GlobalSection(ExtensibilityGlobals) = postSolution
		SolutionGuid = {0DB82E59-EC2F-4798-A036-0B7A03B56885}
	EndGlobalSection
EndGlobal
